// !$*UTF8*$!
{
	archiveVersion = 1;
	classes = {
	};
	objectVersion = 56;
	objects = {

/* Begin PBXBuildFile section */
		5209CD2B298C57F7004D6543 /* AppDelegate.swift in Sources */ = {isa = PBXBuildFile; fileRef = 5209CD2A298C57F7004D6543 /* AppDelegate.swift */; };
		5209CD2D298C57F7004D6543 /* SceneDelegate.swift in Sources */ = {isa = PBXBuildFile; fileRef = 5209CD2C298C57F7004D6543 /* SceneDelegate.swift */; };
		5209CD2F298C57F7004D6543 /* ViewController.swift in Sources */ = {isa = PBXBuildFile; fileRef = 5209CD2E298C57F7004D6543 /* ViewController.swift */; };
		5209CD32298C57F7004D6543 /* Main.storyboard in Resources */ = {isa = PBXBuildFile; fileRef = 5209CD30298C57F7004D6543 /* Main.storyboard */; };
		5209CD34298C57F9004D6543 /* Assets.xcassets in Resources */ = {isa = PBXBuildFile; fileRef = 5209CD33298C57F9004D6543 /* Assets.xcassets */; };
		5209CD37298C57F9004D6543 /* LaunchScreen.storyboard in Resources */ = {isa = PBXBuildFile; fileRef = 5209CD35298C57F9004D6543 /* LaunchScreen.storyboard */; };
		5209CD42298C58BD004D6543 /* Story.swift in Sources */ = {isa = PBXBuildFile; fileRef = 5209CD41298C58BD004D6543 /* Story.swift */; };
		5209CD44298C58CD004D6543 /* StoryBrain.swift in Sources */ = {isa = PBXBuildFile; fileRef = 5209CD43298C58CD004D6543 /* StoryBrain.swift */; };
		5209CD46298C5B69004D6543 /* StackView.swift in Sources */ = {isa = PBXBuildFile; fileRef = 5209CD45298C5B69004D6543 /* StackView.swift */; };
/* End PBXBuildFile section */

/* Begin PBXFileReference section */
		5209CD27298C57F7004D6543 /* StoryAdventure.app */ = {isa = PBXFileReference; explicitFileType = wrapper.application; includeInIndex = 0; path = StoryAdventure.app; sourceTree = BUILT_PRODUCTS_DIR; };
		5209CD2A298C57F7004D6543 /* AppDelegate.swift */ = {isa = PBXFileReference; lastKnownFileType = sourcecode.swift; path = AppDelegate.swift; sourceTree = "<group>"; };
		5209CD2C298C57F7004D6543 /* SceneDelegate.swift */ = {isa = PBXFileReference; lastKnownFileType = sourcecode.swift; path = SceneDelegate.swift; sourceTree = "<group>"; };
		5209CD2E298C57F7004D6543 /* ViewController.swift */ = {isa = PBXFileReference; lastKnownFileType = sourcecode.swift; path = ViewController.swift; sourceTree = "<group>"; };
		5209CD31298C57F7004D6543 /* Base */ = {isa = PBXFileReference; lastKnownFileType = file.storyboard; name = Base; path = Base.lproj/Main.storyboard; sourceTree = "<group>"; };
		5209CD33298C57F9004D6543 /* Assets.xcassets */ = {isa = PBXFileReference; lastKnownFileType = folder.assetcatalog; path = Assets.xcassets; sourceTree = "<group>"; };
		5209CD36298C57F9004D6543 /* Base */ = {isa = PBXFileReference; lastKnownFileType = file.storyboard; name = Base; path = Base.lproj/LaunchScreen.storyboard; sourceTree = "<group>"; };
		5209CD38298C57F9004D6543 /* Info.plist */ = {isa = PBXFileReference; lastKnownFileType = text.plist.xml; path = Info.plist; sourceTree = "<group>"; };
		5209CD41298C58BD004D6543 /* Story.swift */ = {isa = PBXFileReference; lastKnownFileType = sourcecode.swift; path = Story.swift; sourceTree = "<group>"; };
		5209CD43298C58CD004D6543 /* StoryBrain.swift */ = {isa = PBXFileReference; lastKnownFileType = sourcecode.swift; path = StoryBrain.swift; sourceTree = "<group>"; };
		5209CD45298C5B69004D6543 /* StackView.swift */ = {isa = PBXFileReference; lastKnownFileType = sourcecode.swift; path = StackView.swift; sourceTree = "<group>"; };
/* End PBXFileReference section */

/* Begin PBXFrameworksBuildPhase section */
		5209CD24298C57F7004D6543 /* Frameworks */ = {
			isa = PBXFrameworksBuildPhase;
			buildActionMask = 2147483647;
			files = (
			);
			runOnlyForDeploymentPostprocessing = 0;
		};
/* End PBXFrameworksBuildPhase section */

/* Begin PBXGroup section */
		5209CD1E298C57F7004D6543 = {
			isa = PBXGroup;
			children = (
				5209CD29298C57F7004D6543 /* StoryAdventure */,
				5209CD28298C57F7004D6543 /* Products */,
			);
			sourceTree = "<group>";
		};
		5209CD28298C57F7004D6543 /* Products */ = {
			isa = PBXGroup;
			children = (
				5209CD27298C57F7004D6543 /* StoryAdventure.app */,
			);
			name = Products;
			sourceTree = "<group>";
		};
		5209CD29298C57F7004D6543 /* StoryAdventure */ = {
			isa = PBXGroup;
			children = (
				5209CD2A298C57F7004D6543 /* AppDelegate.swift */,
				5209CD2C298C57F7004D6543 /* SceneDelegate.swift */,
				5209CD3E298C586A004D6543 /* Controller */,
				5209CD3F298C5875004D6543 /* Model */,
				5209CD40298C58A0004D6543 /* View */,
				5209CD33298C57F9004D6543 /* Assets.xcassets */,
				5209CD35298C57F9004D6543 /* LaunchScreen.storyboard */,
				5209CD38298C57F9004D6543 /* Info.plist */,
			);
			path = StoryAdventure;
			sourceTree = "<group>";
		};
		5209CD3E298C586A004D6543 /* Controller */ = {
			isa = PBXGroup;
			children = (
				5209CD2E298C57F7004D6543 /* ViewController.swift */,
			);
			path = Controller;
			sourceTree = "<group>";
		};
		5209CD3F298C5875004D6543 /* Model */ = {
			isa = PBXGroup;
			children = (
				5209CD41298C58BD004D6543 /* Story.swift */,
				5209CD43298C58CD004D6543 /* StoryBrain.swift */,
			);
			path = Model;
			sourceTree = "<group>";
		};
		5209CD40298C58A0004D6543 /* View */ = {
			isa = PBXGroup;
			children = (
				5209CD30298C57F7004D6543 /* Main.storyboard */,
				5209CD45298C5B69004D6543 /* StackView.swift */,
			);
			path = View;
			sourceTree = "<group>";
		};
/* End PBXGroup section */

/* Begin PBXNativeTarget section */
		5209CD26298C57F7004D6543 /* StoryAdventure */ = {
			isa = PBXNativeTarget;
			buildConfigurationList = 5209CD3B298C57F9004D6543 /* Build configuration list for PBXNativeTarget "StoryAdventure" */;
			buildPhases = (
				5209CD23298C57F7004D6543 /* Sources */,
				5209CD24298C57F7004D6543 /* Frameworks */,
				5209CD25298C57F7004D6543 /* Resources */,
			);
			buildRules = (
			);
			dependencies = (
			);
			name = StoryAdventure;
			productName = ChooseYourOwnAdventure;
			productReference = 5209CD27298C57F7004D6543 /* StoryAdventure.app */;
			productType = "com.apple.product-type.application";
		};
/* End PBXNativeTarget section */

/* Begin PBXProject section */
		5209CD1F298C57F7004D6543 /* Project object */ = {
			isa = PBXProject;
			attributes = {
				BuildIndependentTargetsInParallel = 1;
				LastSwiftUpdateCheck = 1420;
				LastUpgradeCheck = 1420;
				TargetAttributes = {
					5209CD26298C57F7004D6543 = {
						CreatedOnToolsVersion = 14.2;
					};
				};
			};
			buildConfigurationList = 5209CD22298C57F7004D6543 /* Build configuration list for PBXProject "StoryAdventure" */;
			compatibilityVersion = "Xcode 14.0";
			developmentRegion = en;
			hasScannedForEncodings = 0;
			knownRegions = (
				en,
				Base,
			);
			mainGroup = 5209CD1E298C57F7004D6543;
			productRefGroup = 5209CD28298C57F7004D6543 /* Products */;
			projectDirPath = "";
			projectRoot = "";
			targets = (
				5209CD26298C57F7004D6543 /* StoryAdventure */,
			);
		};
/* End PBXProject section */

/* Begin PBXResourcesBuildPhase section */
		5209CD25298C57F7004D6543 /* Resources */ = {
			isa = PBXResourcesBuildPhase;
			buildActionMask = 2147483647;
			files = (
				5209CD37298C57F9004D6543 /* LaunchScreen.storyboard in Resources */,
				5209CD34298C57F9004D6543 /* Assets.xcassets in Resources */,
				5209CD32298C57F7004D6543 /* Main.storyboard in Resources */,
			);
			runOnlyForDeploymentPostprocessing = 0;
		};
/* End PBXResourcesBuildPhase section */

/* Begin PBXSourcesBuildPhase section */
		5209CD23298C57F7004D6543 /* Sources */ = {
			isa = PBXSourcesBuildPhase;
			buildActionMask = 2147483647;
			files = (
				5209CD44298C58CD004D6543 /* StoryBrain.swift in Sources */,
				5209CD2F298C57F7004D6543 /* ViewController.swift in Sources */,
				5209CD2B298C57F7004D6543 /* AppDelegate.swift in Sources */,
				5209CD2D298C57F7004D6543 /* SceneDelegate.swift in Sources */,
				5209CD42298C58BD004D6543 /* Story.swift in Sources */,
				5209CD46298C5B69004D6543 /* StackView.swift in Sources */,
			);
			runOnlyForDeploymentPostprocessing = 0;
		};
/* End PBXSourcesBuildPhase section */

/* Begin PBXVariantGroup section */
		5209CD30298C57F7004D6543 /* Main.storyboard */ = {
			isa = PBXVariantGroup;
			children = (
				5209CD31298C57F7004D6543 /* Base */,
			);
			name = Main.storyboard;
			sourceTree = "<group>";
		};
		5209CD35298C57F9004D6543 /* LaunchScreen.storyboard */ = {
			isa = PBXVariantGroup;
			children = (
				5209CD36298C57F9004D6543 /* Base */,
			);
			name = LaunchScreen.storyboard;
			sourceTree = "<group>";
		};
/* End PBXVariantGroup section */

/* Begin XCBuildConfiguration section */
		5209CD39298C57F9004D6543 /* Debug */ = {
			isa = XCBuildConfiguration;
			buildSettings = {
				ALWAYS_SEARCH_USER_PATHS = NO;
				CLANG_ANALYZER_NONNULL = YES;
				CLANG_ANALYZER_NUMBER_OBJECT_CONVERSION = YES_AGGRESSIVE;
				CLANG_CXX_LANGUAGE_STANDARD = "gnu++20";
				CLANG_ENABLE_MODULES = YES;
				CLANG_ENABLE_OBJC_ARC = YES;
				CLANG_ENABLE_OBJC_WEAK = YES;
				CLANG_WARN_BLOCK_CAPTURE_AUTORELEASING = YES;
				CLANG_WARN_BOOL_CONVERSION = YES;
				CLANG_WARN_COMMA = YES;
				CLANG_WARN_CONSTANT_CONVERSION = YES;
				CLANG_WARN_DEPRECATED_OBJC_IMPLEMENTATIONS = YES;
				CLANG_WARN_DIRECT_OBJC_ISA_USAGE = YES_ERROR;
				CLANG_WARN_DOCUMENTATION_COMMENTS = YES;
				CLANG_WARN_EMPTY_BODY = YES;
				CLANG_WARN_ENUM_CONVERSION = YES;
				CLANG_WARN_INFINITE_RECURSION = YES;
				CLANG_WARN_INT_CONVERSION = YES;
				CLANG_WARN_NON_LITERAL_NULL_CONVERSION = YES;
				CLANG_WARN_OBJC_IMPLICIT_RETAIN_SELF = YES;
				CLANG_WARN_OBJC_LITERAL_CONVERSION = YES;
				CLANG_WARN_OBJC_ROOT_CLASS = YES_ERROR;
				CLANG_WARN_QUOTED_INCLUDE_IN_FRAMEWORK_HEADER = YES;
				CLANG_WARN_RANGE_LOOP_ANALYSIS = YES;
				CLANG_WARN_STRICT_PROTOTYPES = YES;
				CLANG_WARN_SUSPICIOUS_MOVE = YES;
				CLANG_WARN_UNGUARDED_AVAILABILITY = YES_AGGRESSIVE;
				CLANG_WARN_UNREACHABLE_CODE = YES;
				CLANG_WARN__DUPLICATE_METHOD_MATCH = YES;
				COPY_PHASE_STRIP = NO;
				DEBUG_INFORMATION_FORMAT = dwarf;
				ENABLE_STRICT_OBJC_MSGSEND = YES;
				ENABLE_TESTABILITY = YES;
				GCC_C_LANGUAGE_STANDARD = gnu11;
				GCC_DYNAMIC_NO_PIC = NO;
				GCC_NO_COMMON_BLOCKS = YES;
				GCC_OPTIMIZATION_LEVEL = 0;
				GCC_PREPROCESSOR_DEFINITIONS = (
					"DEBUG=1",
					"$(inherited)",
				);
				GCC_WARN_64_TO_32_BIT_CONVERSION = YES;
				GCC_WARN_ABOUT_RETURN_TYPE = YES_ERROR;
				GCC_WARN_UNDECLARED_SELECTOR = YES;
				GCC_WARN_UNINITIALIZED_AUTOS = YES_AGGRESSIVE;
				GCC_WARN_UNUSED_FUNCTION = YES;
				GCC_WARN_UNUSED_VARIABLE = YES;
				IPHONEOS_DEPLOYMENT_TARGET = 16.2;
				MTL_ENABLE_DEBUG_INFO = INCLUDE_SOURCE;
				MTL_FAST_MATH = YES;
				ONLY_ACTIVE_ARCH = YES;
				SDKROOT = iphoneos;
				SWIFT_ACTIVE_COMPILATION_CONDITIONS = DEBUG;
				SWIFT_OPTIMIZATION_LEVEL = "-Onone";
			};
			name = Debug;
		};
		5209CD3A298C57F9004D6543 /* Release */ = {
			isa = XCBuildConfiguration;
			buildSettings = {
				ALWAYS_SEARCH_USER_PATHS = NO;
				CLANG_ANALYZER_NONNULL = YES;
				CLANG_ANALYZER_NUMBER_OBJECT_CONVERSION = YES_AGGRESSIVE;
				CLANG_CXX_LANGUAGE_STANDARD = "gnu++20";
				CLANG_ENABLE_MODULES = YES;
				CLANG_ENABLE_OBJC_ARC = YES;
				CLANG_ENABLE_OBJC_WEAK = YES;
				CLANG_WARN_BLOCK_CAPTURE_AUTORELEASING = YES;
				CLANG_WARN_BOOL_CONVERSION = YES;
				CLANG_WARN_COMMA = YES;
				CLANG_WARN_CONSTANT_CONVERSION = YES;
				CLANG_WARN_DEPRECATED_OBJC_IMPLEMENTATIONS = YES;
				CLANG_WARN_DIRECT_OBJC_ISA_USAGE = YES_ERROR;
				CLANG_WARN_DOCUMENTATION_COMMENTS = YES;
				CLANG_WARN_EMPTY_BODY = YES;
				CLANG_WARN_ENUM_CONVERSION = YES;
				CLANG_WARN_INFINITE_RECURSION = YES;
				CLANG_WARN_INT_CONVERSION = YES;
				CLANG_WARN_NON_LITERAL_NULL_CONVERSION = YES;
				CLANG_WARN_OBJC_IMPLICIT_RETAIN_SELF = YES;
				CLANG_WARN_OBJC_LITERAL_CONVERSION = YES;
				CLANG_WARN_OBJC_ROOT_CLASS = YES_ERROR;
				CLANG_WARN_QUOTED_INCLUDE_IN_FRAMEWORK_HEADER = YES;
				CLANG_WARN_RANGE_LOOP_ANALYSIS = YES;
				CLANG_WARN_STRICT_PROTOTYPES = YES;
				CLANG_WARN_SUSPICIOUS_MOVE = YES;
				CLANG_WARN_UNGUARDED_AVAILABILITY = YES_AGGRESSIVE;
				CLANG_WARN_UNREACHABLE_CODE = YES;
				CLANG_WARN__DUPLICATE_METHOD_MATCH = YES;
				COPY_PHASE_STRIP = NO;
				DEBUG_INFORMATION_FORMAT = "dwarf-with-dsym";
				ENABLE_NS_ASSERTIONS = NO;
				ENABLE_STRICT_OBJC_MSGSEND = YES;
				GCC_C_LANGUAGE_STANDARD = gnu11;
				GCC_NO_COMMON_BLOCKS = YES;
				GCC_WARN_64_TO_32_BIT_CONVERSION = YES;
				GCC_WARN_ABOUT_RETURN_TYPE = YES_ERROR;
				GCC_WARN_UNDECLARED_SELECTOR = YES;
				GCC_WARN_UNINITIALIZED_AUTOS = YES_AGGRESSIVE;
				GCC_WARN_UNUSED_FUNCTION = YES;
				GCC_WARN_UNUSED_VARIABLE = YES;
				IPHONEOS_DEPLOYMENT_TARGET = 16.2;
				MTL_ENABLE_DEBUG_INFO = NO;
				MTL_FAST_MATH = YES;
				SDKROOT = iphoneos;
				SWIFT_COMPILATION_MODE = wholemodule;
				SWIFT_OPTIMIZATION_LEVEL = "-O";
				VALIDATE_PRODUCT = YES;
			};
			name = Release;
		};
		5209CD3C298C57F9004D6543 /* Debug */ = {
			isa = XCBuildConfiguration;
			buildSettings = {
				ASSETCATALOG_COMPILER_APPICON_NAME = AppIcon;
				ASSETCATALOG_COMPILER_GLOBAL_ACCENT_COLOR_NAME = AccentColor;
				CODE_SIGN_STYLE = Automatic;
				CURRENT_PROJECT_VERSION = 1;
				DEVELOPMENT_TEAM = 7G79D48L69;
				GENERATE_INFOPLIST_FILE = YES;
				INFOPLIST_FILE = ChooseYourOwnAdventure/Info.plist;
				INFOPLIST_KEY_UIApplicationSupportsIndirectInputEvents = YES;
				INFOPLIST_KEY_UILaunchStoryboardName = LaunchScreen;
				INFOPLIST_KEY_UIMainStoryboardFile = Main;
				INFOPLIST_KEY_UISupportedInterfaceOrientations_iPad = "UIInterfaceOrientationPortrait UIInterfaceOrientationPortraitUpsideDown UIInterfaceOrientationLandscapeLeft UIInterfaceOrientationLandscapeRight";
				INFOPLIST_KEY_UISupportedInterfaceOrientations_iPhone = "UIInterfaceOrientationPortrait UIInterfaceOrientationLandscapeLeft UIInterfaceOrientationLandscapeRight";
				LD_RUNPATH_SEARCH_PATHS = (
					"$(inherited)",
					"@executable_path/Frameworks",
				);
				MARKETING_VERSION = 1.0;
				PRODUCT_BUNDLE_IDENTIFIER = com.andrewIssues.StoryAdventure;
				PRODUCT_NAME = "$(TARGET_NAME)";
				SWIFT_EMIT_LOC_STRINGS = YES;
				SWIFT_VERSION = 5.0;
				TARGETED_DEVICE_FAMILY = "1,2";
			};
			name = Debug;
		};
		5209CD3D298C57F9004D6543 /* Release */ = {
			isa = XCBuildConfiguration;
			buildSettings = {
				ASSETCATALOG_COMPILER_APPICON_NAME = AppIcon;
				ASSETCATALOG_COMPILER_GLOBAL_ACCENT_COLOR_NAME = AccentColor;
				CODE_SIGN_STYLE = Automatic;
				CURRENT_PROJECT_VERSION = 1;
				DEVELOPMENT_TEAM = 7G79D48L69;
				GENERATE_INFOPLIST_FILE = YES;
				INFOPLIST_FILE = ChooseYourOwnAdventure/Info.plist;
				INFOPLIST_KEY_UIApplicationSupportsIndirectInputEvents = YES;
				INFOPLIST_KEY_UILaunchStoryboardName = LaunchScreen;
				INFOPLIST_KEY_UIMainStoryboardFile = Main;
				INFOPLIST_KEY_UISupportedInterfaceOrientations_iPad = "UIInterfaceOrientationPortrait UIInterfaceOrientationPortraitUpsideDown UIInterfaceOrientationLandscapeLeft UIInterfaceOrientationLandscapeRight";
				INFOPLIST_KEY_UISupportedInterfaceOrientations_iPhone = "UIInterfaceOrientationPortrait UIInterfaceOrientationLandscapeLeft UIInterfaceOrientationLandscapeRight";
				LD_RUNPATH_SEARCH_PATHS = (
					"$(inherited)",
					"@executable_path/Frameworks",
				);
				MARKETING_VERSION = 1.0;
				PRODUCT_BUNDLE_IDENTIFIER = com.andrewIssues.StoryAdventure;
				PRODUCT_NAME = "$(TARGET_NAME)";
				SWIFT_EMIT_LOC_STRINGS = YES;
				SWIFT_VERSION = 5.0;
				TARGETED_DEVICE_FAMILY = "1,2";
			};
			name = Release;
		};
/* End XCBuildConfiguration section */

/* Begin XCConfigurationList section */
		5209CD22298C57F7004D6543 /* Build configuration list for PBXProject "StoryAdventure" */ = {
			isa = XCConfigurationList;
			buildConfigurations = (
				5209CD39298C57F9004D6543 /* Debug */,
				5209CD3A298C57F9004D6543 /* Release */,
			);
			defaultConfigurationIsVisible = 0;
			defaultConfigurationName = Release;
		};
		5209CD3B298C57F9004D6543 /* Build configuration list for PBXNativeTarget "StoryAdventure" */ = {
			isa = XCConfigurationList;
			buildConfigurations = (
				5209CD3C298C57F9004D6543 /* Debug */,
				5209CD3D298C57F9004D6543 /* Release */,
			);
			defaultConfigurationIsVisible = 0;
			defaultConfigurationName = Release;
		};
/* End XCConfigurationList section */
	};
	rootObject = 5209CD1F298C57F7004D6543 /* Project object */;
}
